{
    "_meta": {
        "hash": {
            "sha256": "e66ce118c3ac37cdb57a2afd28bf43662b37778fd34183ec8ed3c5ec7c1d7983"
        },
        "pipfile-spec": 6,
        "requires": {
            "python_full_version": "3.10.6",
            "python_version": "3.10"
        },
        "sources": [
            {
                "name": "pypi",
                "url": "https://pypi.org/simple",
                "verify_ssl": true
            }
        ]
    },
    "default": {
        "pygame": {
            "hashes": [
                "sha256:0427c103f741234336e5606d2fad86f5403c1a3d1dc55c309fbff3c984f0c9ae",
                "sha256:07ca9f683075aea9bd977af9f09a720ebf747343d3ea8103e4f1735283b02330",
                "sha256:0e06ae8e1c830f1b9c36a2bc6bb11de840232e95b78e2c349c6ed803a303be19",
                "sha256:0e97d38308c441942577fea7fcd1326308bc56d6be6c024218e94d075d322e0f",
                "sha256:119dee20c372c85dc47b717119534d15a60c64ceab8b0eb09278866d10486afe",
                "sha256:1219a963941bd53aa754e8449364c142004fe706c33a9c22ff2a76521a82d078",
                "sha256:1fddec8829e96424800c806582d73a5173b7d48946cccf7d035839ca09850db8",
                "sha256:20676da24e3e3e6b9fc4eecc7ba09d77ef46c3a83a028763ba1d222476c2e3fb",
                "sha256:2405414d8c572668e04739875661e030a0c588e197fa95463fe301c3d0a0510b",
                "sha256:24254c4244f0d9bdc904f5d3f38e86757ca4c6aa0e44a6d55ef5e016bc7274d6",
                "sha256:24b4f7f30fa2b3d092b60be6fcc725fb91d569fc87a9bcc91614ee8b0c005726",
                "sha256:3bb0674aa789848ddc264bfc60c54965bf3bb659c141de4f600e379acc9b944c",
                "sha256:3c8d6637ff75351e581327efefa9d04eeb0f257b533392b6cc6b15ceca4f7c5e",
                "sha256:40e4d8d65985bb467d9c5a1305fb53fd6820c61d764979600becab973339676f",
                "sha256:4aa3ae32320cc704d63e185864e44f6265c2a6e52c9384afe152cc3d51b3a2ef",
                "sha256:50d9a21edd551669862c27c9272747401b20b1939abaacb842c08ea1cdd1c04d",
                "sha256:5c7600bf307de1ca1dca0cc7840e34604d5b0b0a5a5dad345c3fa62b054b886d",
                "sha256:5d0c14152d0ca8ef5fbcc5ed9981462bdf59a9ae85a291e62d8a8d0b7e5cbe43",
                "sha256:5e88b0d4338b94960686f59396f23f7f684fed4859fcc3b9f40286d72c1c61af",
                "sha256:5ebbefb8b576572c8fc97a3321d37dc2b4afea6b6e3877a67f7158d8c2c4cefe",
                "sha256:636f51f56615d67459b11918206bb4da30cd7d7042027bf997c218ccd6c77902",
                "sha256:660c80c0b2e80f1f801715583b759fb4c7bc0c11eb3b534e89c9fc4bfbc38acd",
                "sha256:6ecda8dd4583982bb65f9c682f244a5e94524dcf628379766227e9ed97201a49",
                "sha256:754c2906f2ef47173a14493e1de116b2a56a2c8e1764f1202ba844d080248a5b",
                "sha256:7889dce887ec83c9a0bef8d9eb3669d8863fdaf37c45bacec707d8ad90b24a38",
                "sha256:7fdb93b4282962c9a2ebf1af994ee698be823dd913218ed97a5f2fb372b10b66",
                "sha256:8e87716114e97322fb177e223d889a4be369a0f73212f4f8507fe0cd43253b23",
                "sha256:93c4cbfc942dd00410eaa9e84252129f9f9993f37f683006d7b49ab245342254",
                "sha256:9649419254d3282dae41f23837de4108b17bc62187c3acd8af2ae3801b765cbd",
                "sha256:97a74ba186deee68318a52637012ef6abf5be6282c659e1d1ba6ad08cf35ec85",
                "sha256:9d6452419e01a0f848aed0597f69fd10a4c2a7750c15d1b0607f86090a39dcf3",
                "sha256:9d7b021b8dde5d528363e474bc18bd6f79a9666eef89fb4859bcb8f0a536c9de",
                "sha256:a0ccf8e3dce7ca67d523a6020b7e3dbf4b26797a9a8db5cc4c7b5ef20fb64701",
                "sha256:a56a811d8821f7b9a594e3d0e0dd8bd39b25e3eea8963d5963263b90fd2ea5c2",
                "sha256:c5ea87da5fe4b6164c3854f3b0c9146811dbad0dd7fa74297683dfacc485ae1c",
                "sha256:c99b95e62cdda29c2e60235d7763447c168a6a877403e6f9ca5b2e2bb297c2ce",
                "sha256:c9ce7f3d8af14d7e04eb7eb41c5e5313c43508c252bb2b9eb53e51fc87ada9fd",
                "sha256:ca5ef1315fa67c241a657ab077be44f230c05740c95f0b46409457dceefdc7e5",
                "sha256:d2d3c50ee9847b743db6cd7b1bb17a94c2c2abc16679d70f5e745cabdf19e655",
                "sha256:d6d0eca28f886f0477cd0721ac688189155a587f2bb8eae740e52ca56c3ad23c",
                "sha256:dad6bf3fdd3752d7519422f3732be779b98fe7c87d32c3efe2fdffdcbeebb6ca",
                "sha256:db2f40d5a75fd9cdda473c58b0d8b294da6e0179f00bb3b1fc2f7f29cac09bea",
                "sha256:dc4444d61d48c5546df5137cdf81554887ddb6e2ef1be7f51eb77ea3b6bdd56f",
                "sha256:dcc285ee1f1d0e2672cc52f880fd3f564b1505de710e817f692fbf64a72ca657",
                "sha256:dd528dbb91eca16f7522c975d0f9e94b95f6b5024c82c3247dc0383d242d33c6",
                "sha256:e09044e9e1aa8512d6a9c7ce5f94b881824bcfc401105f3c24f546dfc3bb4aa5",
                "sha256:e18c9466131378421d00fc40b637425229238d506a073d9c537b230b355a25d6",
                "sha256:e1bb25986db77a48f632469c6bc61baf7508ce945aa6161c02180d4ee5ac5b8d",
                "sha256:e4b4cd440d50a9f8551b8989e856aab175593af07eb825cad22fd2f8f6f2ffce",
                "sha256:e627300a66a90651fb39e41601d447b1fdbbfffca3f08ef0278d6cc0436b2160",
                "sha256:e7a8e18677e0064b7a422f6653a622652d932826a27e50f279d55a8b122a1a83",
                "sha256:e8632f6b2ddb90f6f3950744bd65d5ef15af615e3034057fa30ff836f48a7179",
                "sha256:ea36f4f93524554a35cac2359df63b50af6556ed866830aa1f07f0d8580280ea",
                "sha256:f149e182d0eeef15d8a9b4c9dad1b87dc6eba3a99bd3c44a777a3a2b053a3dca",
                "sha256:fc2e5db54491e8f27785fc5204c96f540d3557dcf5b0a9a857b6594d6b32561b",
                "sha256:fc30e834f65b893d1b4c230070183bf98e6b70c41c1511687e8436a33d5ce49d",
                "sha256:fcc9586e17875c0cdf8764597955f9daa979098fd4f80be07ed68276ac225480",
                "sha256:ff961c3280d6ee5f4163f4772f963d7a4dbe42e36c6dd54b79ad436c1f046e5d"
            ],
            "index": "pypi",
            "version": "==2.1.2"
        }
    },
    "develop": {
        "attrs": {
            "hashes": [
                "sha256:29e95c7f6778868dbd49170f98f8818f78f3dc5e0e37c0b1f474e3561b240836",
                "sha256:c9227bfc2f01993c03f68db37d1d15c9690188323c067c641f1a35ca58185f99"
            ],
            "markers": "python_version >= '3.6'",
            "version": "==22.2.0"
        },
        "black": {
            "hashes": [
                "sha256:101c69b23df9b44247bd88e1d7e90154336ac4992502d4197bdac35dd7ee3320",
                "sha256:159a46a4947f73387b4d83e87ea006dbb2337eab6c879620a3ba52699b1f4351",
                "sha256:1f58cbe16dfe8c12b7434e50ff889fa479072096d79f0a7f25e4ab8e94cd8350",
                "sha256:229351e5a18ca30f447bf724d007f890f97e13af070bb6ad4c0a441cd7596a2f",
                "sha256:436cc9167dd28040ad90d3b404aec22cedf24a6e4d7de221bec2730ec0c97bcf",
                "sha256:559c7a1ba9a006226f09e4916060982fd27334ae1998e7a38b3f33a37f7a2148",
                "sha256:7412e75863aa5c5411886804678b7d083c7c28421210180d67dfd8cf1221e1f4",
                "sha256:77d86c9f3db9b1bf6761244bc0b3572a546f5fe37917a044e02f3166d5aafa7d",
                "sha256:82d9fe8fee3401e02e79767016b4907820a7dc28d70d137eb397b92ef3cc5bfc",
                "sha256:9eedd20838bd5d75b80c9f5487dbcb06836a43833a37846cf1d8c1cc01cef59d",
                "sha256:c116eed0efb9ff870ded8b62fe9f28dd61ef6e9ddd28d83d7d264a38417dcee2",
                "sha256:d30b212bffeb1e252b31dd269dfae69dd17e06d92b87ad26e23890f3efea366f"
            ],
            "index": "pypi",
            "version": "==22.12.0"
        },
        "click": {
            "hashes": [
                "sha256:7682dc8afb30297001674575ea00d1814d808d6a36af415a82bd481d37ba7b8e",
                "sha256:bb4d8133cb15a609f44e8213d9b391b0809795062913b383c62be0ee95b1db48"
            ],
            "markers": "python_version >= '3.7'",
            "version": "==8.1.3"
        },
        "coverage": {
            "extras": [
                "toml"
            ],
            "hashes": [
                "sha256:0a8b0e86bede874bf5da566b02194fbb12dd14ce3585cabd58452007f272ba81",
                "sha256:100546219af59d2ad82d4575de03a303eb27b75ea36ffbd1677371924d50bcbc",
                "sha256:10b6246cae61896ab4c7568e498e492cbb73a2dfa4c3af79141c43cf806f929a",
                "sha256:215f40ef86f1958a1151fa7fad2b4f2f99534c4e10a34a1e065eba3f19ef8868",
                "sha256:2331b7bd84a1be79bd17ca8e103ce38db8cbf7cb354dc56e651ba489cf849212",
                "sha256:30220518dd89c4878908d73f5f3d1269f86e9e045354436534587a18c7b9da85",
                "sha256:32b94ad926e933976627f040f96dd1d9b0ac91f8d27e868c30a28253b9b6ac2d",
                "sha256:33efe89cd0efef016db19d8d05aa46631f76793de90a61b6717acb202b36fe60",
                "sha256:36b62f0220459e528ad5806cc7dede71aa716e067d2cb10cb4a09686b8791fba",
                "sha256:3c0deee68e0dae1d6e3fe6943c76d7e66fbeb6519bd08e4e5366bcc28a8a9aca",
                "sha256:3ec256a592b497f26054195f7d7148892aca8c4cdcc064a7cc66ef7a0455b811",
                "sha256:43ec1935c6d6caab4f3bc126d20bd709c0002a175d62208ebe745be37a826a41",
                "sha256:5885a4ceb6dde34271bb0adafa4a248a7f589c89821e9da3110c39f92f41e21b",
                "sha256:59e71912c7fc78d08a567ee65656123878f49ca1b5672e660ea70bf8dfbebf8f",
                "sha256:793dcd9d42035746fc7637df4336f7581df19d33c5c5253cf988c99d8e93a8ba",
                "sha256:8593c9baf1f0f273afa22f5b45508b76adc7b8e94e17e7d98fbe1e3cd5812af2",
                "sha256:8938f3a10f45019b502020ba9567b97b6ecc8c76b664b421705c5406d4f92fe8",
                "sha256:8dbf83a4611c591b5de65069b6fd4dd3889200ed270cd2f7f5ac765d3842889f",
                "sha256:8f1e6d9c70d45a960d3f3d781ea62b167fdf2e0e1f6bb282b96feea653adb923",
                "sha256:96b5b1f1079e48f56bfccf103bcf44d48b9eb5163f1ea523fad580f15d3fe5e0",
                "sha256:97c0b001ff15b8e8882995fc07ac0a08c8baf8b13c1145f3f12e0587bbb0e335",
                "sha256:9a175da2a7320e18fc3ee1d147639a2b3a8f037e508c96aa2da160294eb50e17",
                "sha256:9fadd15f9fcfd7b16d9cccce9f5e6ec6f9b8df860633ad9aa62c2b14c259560f",
                "sha256:a290b7921c1c05787b953e5854d394e887df40696f21381cc33c4e2179bf50ac",
                "sha256:a30b646fbdd5bc52f506e149fa4fbdef82432baf6b81774e61ec4e3b43b9cbde",
                "sha256:a6fff0f08bc5ffd0d78db821971472b4adc2ee876b86f743e46d634fb8e3c22f",
                "sha256:a7e1bb36b4e57a2d304322021b35d4e4a25fa0d501ba56e8e51efaebf4480556",
                "sha256:a8785791c2120af114ea7a06137f7778632e568a5aa2bbfc3b46c573b702af74",
                "sha256:ae088eb1cbdad8206931b1bf3f11dee644e038a9300be84d3e705e29356e5b1d",
                "sha256:b18df11efa615b79b9ecc13035a712957ff6283f7b244e57684e1c092869f541",
                "sha256:b8f7cd942dda3795fc9eadf303cc53a422ac057e3b70c2ad6d4276ec6a83a541",
                "sha256:bc904aa96105d73357de03de76336b1e3db28e2b12067d36625fd9646ab043fd",
                "sha256:bcaf18e46668057051a312c714a4548b81f7e8fb3454116ad97be7562d2a99e4",
                "sha256:bf437a04b9790d3c9cd5b48e9ce9aa84229040e3ae7d6c670a55118906113c5a",
                "sha256:c1ba6e63b831112b9484ff5905370d89e43d4316bac76d403031f60d61597466",
                "sha256:c4b63888bef2928d0eca12cbce0760cfb696acb4fe226eb55178b6a2a039328a",
                "sha256:c685fc17d6f4f1a3833e9dac27d0b931f7ccb52be6c30d269374203c7d0204a2",
                "sha256:cda63459eb20652b22e038729a8f5063862c189a3963cb042a764b753172f75e",
                "sha256:d43d406a4d73aa7f855fa44fa77ff47e739b565b2af3844600cdc016d01e46b9",
                "sha256:d564142a03d3bc8913499a458e931b52ddfe952f69b6cd4b24d810fd2959044a",
                "sha256:d6b4af31fb49a2ae8de1cd505fa66c403bfcc5066e845ac19d8904dcfc9d40da",
                "sha256:db8141856dc9be0917413df7200f53accf1d84c8b156868e6af058a1ea8e903a",
                "sha256:de06e7585abe88c6d38c1b73ce4c3cb4c1a79fbb0da0d0f8e8689ef5729ec60d",
                "sha256:e06abac1a4aec1ff989131e43ca917fc7bd296f34bf0cfe86cbf74343b21566d",
                "sha256:e645c73cbfc4577d93747d3f793115acf6f907a7eb9208fa807fdcf2da1964a4",
                "sha256:e907db8bdd0ad1253a33c20fdc5f0f6209d271114a9c6f1fcdf96617343f7ca0",
                "sha256:f2569682d6ea9628da8d6ba38579a48b1e53081226ec7a6c82b5024b3ce5009f",
                "sha256:f6a4bf5bdee93f6817797beba7086292c2ebde6df0d5822e0c33f8b05415c339",
                "sha256:f9071e197faa24837b967bc9aa0b9ef961f805a75f1ee3ea1f3367f55cd46c3c",
                "sha256:fb85b7a7a4b204bd59d6d0b0c8d87d9ffa820da225e691dfaffc3137dc05b5f6",
                "sha256:fee283cd36c3f14422d9c1b51da24ddbb5e1eed89ad2480f6a9f115df38b5df8"
            ],
            "markers": "python_version >= '3.7'",
            "version": "==7.0.0"
        },
        "exceptiongroup": {
            "hashes": [
                "sha256:327cbda3da756e2de031a3107b81ab7b3770a602c4d16ca618298c526f4bec1e",
                "sha256:bcb67d800a4497e1b404c2dd44fca47d3b7a5e5433dbab67f96c1a685cdfdf23"
            ],
            "markers": "python_version < '3.11'",
            "version": "==1.1.0"
        },
        "iniconfig": {
            "hashes": [
                "sha256:011e24c64b7f47f6ebd835bb12a743f2fbe9a26d4cecaa7f53bc4f35ee9da8b3",
                "sha256:bc3af051d7d14b2ee5ef9969666def0cd1a000e121eaea580d4a313df4b37f32"
            ],
            "version": "==1.1.1"
        },
        "mypy-extensions": {
            "hashes": [
                "sha256:090fedd75945a69ae91ce1303b5824f428daf5a028d2f6ab8a299250a846f15d",
                "sha256:2d82818f5bb3e369420cb3c4060a7970edba416647068eb4c5343488a6c604a8"
            ],
            "version": "==0.4.3"
        },
        "packaging": {
            "hashes": [
                "sha256:2198ec20bd4c017b8f9717e00f0c8714076fc2fd93816750ab48e2c41de2cfd3",
                "sha256:957e2148ba0e1a3b282772e791ef1d8083648bc131c8ab0c1feba110ce1146c3"
            ],
            "markers": "python_version >= '3.7'",
            "version": "==22.0"
        },
        "pathspec": {
            "hashes": [
                "sha256:3c95343af8b756205e2aba76e843ba9520a24dd84f68c22b9f93251507509dd6",
                "sha256:56200de4077d9d0791465aa9095a01d421861e405b5096955051deefd697d6f6"
            ],
            "markers": "python_version >= '3.7'",
            "version": "==0.10.3"
        },
        "platformdirs": {
            "hashes": [
                "sha256:1a89a12377800c81983db6be069ec068eee989748799b946cce2a6e80dcc54ca",
                "sha256:b46ffafa316e6b83b47489d240ce17173f123a9b9c83282141c3daf26ad9ac2e"
            ],
            "markers": "python_version >= '3.7'",
            "version": "==2.6.0"
        },
        "pluggy": {
            "hashes": [
                "sha256:4224373bacce55f955a878bf9cfa763c1e360858e330072059e10bad68531159",
                "sha256:74134bbf457f031a36d68416e1509f34bd5ccc019f0bcc952c7b909d06b37bd3"
            ],
            "markers": "python_version >= '3.6'",
            "version": "==1.0.0"
        },
        "pytest": {
            "hashes": [
                "sha256:892f933d339f068883b6fd5a459f03d85bfcb355e4981e146d2c7616c21fef71",
                "sha256:c4014eb40e10f11f355ad4e3c2fb2c6c6d1919c73f3b5a433de4708202cade59"
            ],
            "index": "pypi",
            "version": "==7.2.0"
        },
        "pytest-cov": {
            "hashes": [
                "sha256:2feb1b751d66a8bd934e5edfa2e961d11309dc37b73b0eabe73b5945fee20f6b",
                "sha256:996b79efde6433cdbd0088872dbc5fb3ed7fe1578b68cdbba634f14bb8dd0470"
            ],
            "index": "pypi",
            "version": "==4.0.0"
        },
        "tomli": {
            "hashes": [
                "sha256:939de3e7a6161af0c887ef91b7d41a53e7c5a1ca976325f429cb46ea9bc30ecc",
                "sha256:de526c12914f0c550d15924c62d72abc48d6fe7364aa87328337a31007fe8a4f"
            ],
            "markers": "python_full_version < '3.11.0a7'",
            "version": "==2.0.1"
        }
    }
}
